
Microsoft Visual Studio Solution File, Format Version 12.00
# Visual Studio Version 17
VisualStudioVersion = 17.9.34622.214
MinimumVisualStudioVersion = 10.0.40219.1
Project("{9A19103F-16F7-4668-BE54-9A1E7A4F7556}") = "Generator.PrimeNumbers", "Generator.PrimeNumbers.csproj", "{55F8E57C-F7A8-4E84-8022-2DE94391764F}"
EndProject
Project("{9A19103F-16F7-4668-BE54-9A1E7A4F7556}") = "Kafka.Client", "..\Kafka.Client\Kafka.Client.csproj", "{C8EA5090-FB5D-44AB-9835-DB4AF0909B76}"
EndProject
Global
	GlobalSection(SolutionConfigurationPlatforms) = preSolution
		Debug|Any CPU = Debug|Any CPU
		Release|Any CPU = Release|Any CPU
	EndGlobalSection
	GlobalSection(ProjectConfigurationPlatforms) = postSolution
		{55F8E57C-F7A8-4E84-8022-2DE94391764F}.Debug|Any CPU.ActiveCfg = Debug|Any CPU
		{55F8E57C-F7A8-4E84-8022-2DE94391764F}.Debug|Any CPU.Build.0 = Debug|Any CPU
		{55F8E57C-F7A8-4E84-8022-2DE94391764F}.Release|Any CPU.ActiveCfg = Release|Any CPU
		{55F8E57C-F7A8-4E84-8022-2DE94391764F}.Release|Any CPU.Build.0 = Release|Any CPU
		{C8EA5090-FB5D-44AB-9835-DB4AF0909B76}.Debug|Any CPU.ActiveCfg = Debug|Any CPU
		{C8EA5090-FB5D-44AB-9835-DB4AF0909B76}.Debug|Any CPU.Build.0 = Debug|Any CPU
		{C8EA5090-FB5D-44AB-9835-DB4AF0909B76}.Release|Any CPU.ActiveCfg = Release|Any CPU
		{C8EA5090-FB5D-44AB-9835-DB4AF0909B76}.Release|Any CPU.Build.0 = Release|Any CPU
	EndGlobalSection
	GlobalSection(SolutionProperties) = preSolution
		HideSolutionNode = FALSE
	EndGlobalSection
	GlobalSection(ExtensibilityGlobals) = postSolution
		SolutionGuid = {A7907601-6CB0-4CEE-B8B6-FEBDD1E077E1}
	EndGlobalSection
EndGlobal
